
Microsoft Visual Studio Solution File, Format Version 12.00
# Visual Studio 15
VisualStudioVersion = 15.0.26730.16
MinimumVisualStudioVersion = 10.0.40219.1
Project("{2150E333-8FDC-42A3-9474-1A3956D46DE8}") = "src", "src", "{7366100D-DA6B-43B8-B621-7C485050F01C}"
EndProject
Project("{2150E333-8FDC-42A3-9474-1A3956D46DE8}") = "tests", "tests", "{5266D39D-6D2F-4A61-B77B-69CF50D9E8AB}"
EndProject
Project("{9A19103F-16F7-4668-BE54-9A1E7A4F7556}") = "MotiNet-Core", "src\MotiNet-Core\MotiNet-Core.csproj", "{DFEC421B-ACE1-4FD9-895E-94E0E43AB140}"
EndProject
Global
	GlobalSection(SolutionConfigurationPlatforms) = preSolution
		Debug|Any CPU = Debug|Any CPU
		Release|Any CPU = Release|Any CPU
	EndGlobalSection
	GlobalSection(ProjectConfigurationPlatforms) = postSolution
		{DFEC421B-ACE1-4FD9-895E-94E0E43AB140}.Debug|Any CPU.ActiveCfg = Debug|Any CPU
		{DFEC421B-ACE1-4FD9-895E-94E0E43AB140}.Debug|Any CPU.Build.0 = Debug|Any CPU
		{DFEC421B-ACE1-4FD9-895E-94E0E43AB140}.Release|Any CPU.ActiveCfg = Release|Any CPU
		{DFEC421B-ACE1-4FD9-895E-94E0E43AB140}.Release|Any CPU.Build.0 = Release|Any CPU
	EndGlobalSection
	GlobalSection(SolutionProperties) = preSolution
		HideSolutionNode = FALSE
	EndGlobalSection
	GlobalSection(NestedProjects) = preSolution
		{DFEC421B-ACE1-4FD9-895E-94E0E43AB140} = {7366100D-DA6B-43B8-B621-7C485050F01C}
	EndGlobalSection
	GlobalSection(ExtensibilityGlobals) = postSolution
		SolutionGuid = {E71E09B8-8176-4225-A373-EED3C7CE75FE}
	EndGlobalSection
EndGlobal
